
Microsoft Visual Studio Solution File, Format Version 12.00
# Visual Studio 2013
VisualStudioVersion = 12.0.31101.0
MinimumVisualStudioVersion = 10.0.40219.1
Project("{8BC9CEB8-8B4A-11D0-8D11-00A0C91BC942}") = "Server", "Server\Server.vcxproj", "{126BDB4A-8237-4F82-BDEA-D80D86BF1EE3}"
	ProjectSection(ProjectDependencies) = postProject
		{9077BB1B-8FA4-4803-A2D6-1C796A488D24} = {9077BB1B-8FA4-4803-A2D6-1C796A488D24}
		{34986AA1-A6A3-4C09-BA68-538B0B97CA6C} = {34986AA1-A6A3-4C09-BA68-538B0B97CA6C}
		{63D6E1E4-3E1D-E4EF-CD5B-6C158A07F5C4} = {63D6E1E4-3E1D-E4EF-CD5B-6C158A07F5C4}
	EndProjectSection
EndProject
Project("{2150E333-8FDC-42A3-9474-1A3956D46DE8}") = "Tests", "Tests", "{47AF4BC0-8417-4765-8892-9C67379179B3}"
EndProject
Project("{8BC9CEB8-8B4A-11D0-8D11-00A0C91BC942}") = "IniTest", "Tests\IniTest\IniTest.vcxproj", "{36D3F2DB-3B1F-4ACE-B882-1CA71874377C}"
	ProjectSection(ProjectDependencies) = postProject
		{63D6E1E4-3E1D-E4EF-CD5B-6C158A07F5C4} = {63D6E1E4-3E1D-E4EF-CD5B-6C158A07F5C4}
	EndProjectSection
EndProject
Project("{8BC9CEB8-8B4A-11D0-8D11-00A0C91BC942}") = "OctreeTest", "Tests\OctreeTest\OctreeTest.vcxproj", "{E6DF27FB-24DA-4A13-B422-5F1433AAA697}"
	ProjectSection(ProjectDependencies) = postProject
		{34986AA1-A6A3-4C09-BA68-538B0B97CA6C} = {34986AA1-A6A3-4C09-BA68-538B0B97CA6C}
	EndProjectSection
EndProject
Project("{8BC9CEB8-8B4A-11D0-8D11-00A0C91BC942}") = "Ozcollide", "Ozcollide\Ozcollide.vcxproj", "{34986AA1-A6A3-4C09-BA68-538B0B97CA6C}"
EndProject
Project("{8BC9CEB8-8B4A-11D0-8D11-00A0C91BC942}") = "Shared", "Shared\Shared.vcxproj", "{63D6E1E4-3E1D-E4EF-CD5B-6C158A07F5C4}"
EndProject
Project("{8BC9CEB8-8B4A-11D0-8D11-00A0C91BC942}") = "RakNet", "RakNet\RakNet.vcxproj", "{9077BB1B-8FA4-4803-A2D6-1C796A488D24}"
EndProject
Project("{8BC9CEB8-8B4A-11D0-8D11-00A0C91BC942}") = "RakNetTest", "Tests\RakNetTest\RakNet.vcxproj", "{B0B78AE6-F6D7-43D5-9767-0D8700527E70}"
	ProjectSection(ProjectDependencies) = postProject
		{9077BB1B-8FA4-4803-A2D6-1C796A488D24} = {9077BB1B-8FA4-4803-A2D6-1C796A488D24}
	EndProjectSection
EndProject
Project("{8BC9CEB8-8B4A-11D0-8D11-00A0C91BC942}") = "RakNetServerTest", "Tests\RakNetServerTest\RakNetServerTest.vcxproj", "{DE173D38-14F1-4EA1-9931-3FF87AFCB079}"
	ProjectSection(ProjectDependencies) = postProject
		{9077BB1B-8FA4-4803-A2D6-1C796A488D24} = {9077BB1B-8FA4-4803-A2D6-1C796A488D24}
	EndProjectSection
EndProject
Project("{8BC9CEB8-8B4A-11D0-8D11-00A0C91BC942}") = "ZmqClientTest", "Tests\ZmqClientTest\ZmqClientTest.vcxproj", "{464508DC-8712-4147-8B2A-6A80CB44806B}"
EndProject
Project("{8BC9CEB8-8B4A-11D0-8D11-00A0C91BC942}") = "ZmqServerTest", "Tests\ZmqServerTest\ZmqServerTest.vcxproj", "{8CBA6C54-59FD-4423-82D8-EFD3489E98B2}"
EndProject
Project("{8BC9CEB8-8B4A-11D0-8D11-00A0C91BC942}") = "MysqlppTest", "Tests\MysqlppTest\MysqlppTest.vcxproj", "{57A30CAF-F2B7-4BDD-82B9-CB3A83EF1526}"
EndProject
Global
	GlobalSection(SolutionConfigurationPlatforms) = preSolution
		Debug|x64 = Debug|x64
		Release|x64 = Release|x64
	EndGlobalSection
	GlobalSection(ProjectConfigurationPlatforms) = postSolution
		{126BDB4A-8237-4F82-BDEA-D80D86BF1EE3}.Debug|x64.ActiveCfg = Debug|x64
		{126BDB4A-8237-4F82-BDEA-D80D86BF1EE3}.Debug|x64.Build.0 = Debug|x64
		{126BDB4A-8237-4F82-BDEA-D80D86BF1EE3}.Release|x64.ActiveCfg = Release|x64
		{126BDB4A-8237-4F82-BDEA-D80D86BF1EE3}.Release|x64.Build.0 = Release|x64
		{36D3F2DB-3B1F-4ACE-B882-1CA71874377C}.Debug|x64.ActiveCfg = Debug|x64
		{36D3F2DB-3B1F-4ACE-B882-1CA71874377C}.Debug|x64.Build.0 = Debug|x64
		{36D3F2DB-3B1F-4ACE-B882-1CA71874377C}.Release|x64.ActiveCfg = Release|x64
		{36D3F2DB-3B1F-4ACE-B882-1CA71874377C}.Release|x64.Build.0 = Release|x64
		{E6DF27FB-24DA-4A13-B422-5F1433AAA697}.Debug|x64.ActiveCfg = Debug|x64
		{E6DF27FB-24DA-4A13-B422-5F1433AAA697}.Debug|x64.Build.0 = Debug|x64
		{E6DF27FB-24DA-4A13-B422-5F1433AAA697}.Release|x64.ActiveCfg = Release|x64
		{E6DF27FB-24DA-4A13-B422-5F1433AAA697}.Release|x64.Build.0 = Release|x64
		{34986AA1-A6A3-4C09-BA68-538B0B97CA6C}.Debug|x64.ActiveCfg = Debug|x64
		{34986AA1-A6A3-4C09-BA68-538B0B97CA6C}.Debug|x64.Build.0 = Debug|x64
		{34986AA1-A6A3-4C09-BA68-538B0B97CA6C}.Release|x64.ActiveCfg = Release|x64
		{34986AA1-A6A3-4C09-BA68-538B0B97CA6C}.Release|x64.Build.0 = Release|x64
		{63D6E1E4-3E1D-E4EF-CD5B-6C158A07F5C4}.Debug|x64.ActiveCfg = Debug|x64
		{63D6E1E4-3E1D-E4EF-CD5B-6C158A07F5C4}.Debug|x64.Build.0 = Debug|x64
		{63D6E1E4-3E1D-E4EF-CD5B-6C158A07F5C4}.Release|x64.ActiveCfg = Release|x64
		{63D6E1E4-3E1D-E4EF-CD5B-6C158A07F5C4}.Release|x64.Build.0 = Release|x64
		{9077BB1B-8FA4-4803-A2D6-1C796A488D24}.Debug|x64.ActiveCfg = Debug|x64
		{9077BB1B-8FA4-4803-A2D6-1C796A488D24}.Debug|x64.Build.0 = Debug|x64
		{9077BB1B-8FA4-4803-A2D6-1C796A488D24}.Release|x64.ActiveCfg = Release|x64
		{9077BB1B-8FA4-4803-A2D6-1C796A488D24}.Release|x64.Build.0 = Release|x64
		{B0B78AE6-F6D7-43D5-9767-0D8700527E70}.Debug|x64.ActiveCfg = Debug|x64
		{B0B78AE6-F6D7-43D5-9767-0D8700527E70}.Debug|x64.Build.0 = Debug|x64
		{B0B78AE6-F6D7-43D5-9767-0D8700527E70}.Release|x64.ActiveCfg = Release|x64
		{B0B78AE6-F6D7-43D5-9767-0D8700527E70}.Release|x64.Build.0 = Release|x64
		{DE173D38-14F1-4EA1-9931-3FF87AFCB079}.Debug|x64.ActiveCfg = Debug|x64
		{DE173D38-14F1-4EA1-9931-3FF87AFCB079}.Debug|x64.Build.0 = Debug|x64
		{DE173D38-14F1-4EA1-9931-3FF87AFCB079}.Release|x64.ActiveCfg = Release|x64
		{DE173D38-14F1-4EA1-9931-3FF87AFCB079}.Release|x64.Build.0 = Release|x64
		{464508DC-8712-4147-8B2A-6A80CB44806B}.Debug|x64.ActiveCfg = Debug|x64
		{464508DC-8712-4147-8B2A-6A80CB44806B}.Debug|x64.Build.0 = Debug|x64
		{464508DC-8712-4147-8B2A-6A80CB44806B}.Release|x64.ActiveCfg = Release|x64
		{464508DC-8712-4147-8B2A-6A80CB44806B}.Release|x64.Build.0 = Release|x64
		{8CBA6C54-59FD-4423-82D8-EFD3489E98B2}.Debug|x64.ActiveCfg = Debug|x64
		{8CBA6C54-59FD-4423-82D8-EFD3489E98B2}.Debug|x64.Build.0 = Debug|x64
		{8CBA6C54-59FD-4423-82D8-EFD3489E98B2}.Release|x64.ActiveCfg = Release|x64
		{8CBA6C54-59FD-4423-82D8-EFD3489E98B2}.Release|x64.Build.0 = Release|x64
		{57A30CAF-F2B7-4BDD-82B9-CB3A83EF1526}.Debug|x64.ActiveCfg = Debug|x64
		{57A30CAF-F2B7-4BDD-82B9-CB3A83EF1526}.Debug|x64.Build.0 = Debug|x64
		{57A30CAF-F2B7-4BDD-82B9-CB3A83EF1526}.Release|x64.ActiveCfg = Release|x64
		{57A30CAF-F2B7-4BDD-82B9-CB3A83EF1526}.Release|x64.Build.0 = Release|x64
	EndGlobalSection
	GlobalSection(SolutionProperties) = preSolution
		HideSolutionNode = FALSE
	EndGlobalSection
	GlobalSection(NestedProjects) = preSolution
		{36D3F2DB-3B1F-4ACE-B882-1CA71874377C} = {47AF4BC0-8417-4765-8892-9C67379179B3}
		{E6DF27FB-24DA-4A13-B422-5F1433AAA697} = {47AF4BC0-8417-4765-8892-9C67379179B3}
		{B0B78AE6-F6D7-43D5-9767-0D8700527E70} = {47AF4BC0-8417-4765-8892-9C67379179B3}
		{DE173D38-14F1-4EA1-9931-3FF87AFCB079} = {47AF4BC0-8417-4765-8892-9C67379179B3}
		{464508DC-8712-4147-8B2A-6A80CB44806B} = {47AF4BC0-8417-4765-8892-9C67379179B3}
		{8CBA6C54-59FD-4423-82D8-EFD3489E98B2} = {47AF4BC0-8417-4765-8892-9C67379179B3}
		{57A30CAF-F2B7-4BDD-82B9-CB3A83EF1526} = {47AF4BC0-8417-4765-8892-9C67379179B3}
	EndGlobalSection
EndGlobal
